
Microsoft Visual Studio Solution File, Format Version 12.00
# Visual Studio Version 17
VisualStudioVersion = 17.5.33414.496
MinimumVisualStudioVersion = 10.0.40219.1
Project("{FAE04EC0-301F-11D3-BF4B-00C04F79EFBC}") = "Exemplo_OO2", "Exemplo_OO2\Exemplo_OO2.csproj", "{BD916B06-9751-4637-ABF4-6592315A5A7E}"
EndProject
Global
	GlobalSection(SolutionConfigurationPlatforms) = preSolution
		Debug|Any CPU = Debug|Any CPU
		Release|Any CPU = Release|Any CPU
	EndGlobalSection
	GlobalSection(ProjectConfigurationPlatforms) = postSolution
		{BD916B06-9751-4637-ABF4-6592315A5A7E}.Debug|Any CPU.ActiveCfg = Debug|Any CPU
		{BD916B06-9751-4637-ABF4-6592315A5A7E}.Debug|Any CPU.Build.0 = Debug|Any CPU
		{BD916B06-9751-4637-ABF4-6592315A5A7E}.Release|Any CPU.ActiveCfg = Release|Any CPU
		{BD916B06-9751-4637-ABF4-6592315A5A7E}.Release|Any CPU.Build.0 = Release|Any CPU
	EndGlobalSection
	GlobalSection(SolutionProperties) = preSolution
		HideSolutionNode = FALSE
	EndGlobalSection
	GlobalSection(ExtensibilityGlobals) = postSolution
		SolutionGuid = {731DA478-F761-4826-AB92-974135910FB4}
	EndGlobalSection
EndGlobal
